// !$*UTF8*$!
{
	archiveVersion = 1;
	classes = {
	};
	objectVersion = 50;
	objects = {

/* Begin PBXBuildFile section */
		ECEC76A921E22ABA00B9CBD1 /* AppDelegate.swift in Sources */ = {isa = PBXBuildFile; fileRef = ECEC76A821E22ABA00B9CBD1 /* AppDelegate.swift */; };
		ECEC76AB21E22ABA00B9CBD1 /* ViewController.swift in Sources */ = {isa = PBXBuildFile; fileRef = ECEC76AA21E22ABA00B9CBD1 /* ViewController.swift */; };
		ECEC76AE21E22ABA00B9CBD1 /* Main.storyboard in Resources */ = {isa = PBXBuildFile; fileRef = ECEC76AC21E22ABA00B9CBD1 /* Main.storyboard */; };
		ECEC76B021E22ABC00B9CBD1 /* Assets.xcassets in Resources */ = {isa = PBXBuildFile; fileRef = ECEC76AF21E22ABC00B9CBD1 /* Assets.xcassets */; };
		ECEC76B321E22ABC00B9CBD1 /* LaunchScreen.storyboard in Resources */ = {isa = PBXBuildFile; fileRef = ECEC76B121E22ABC00B9CBD1 /* LaunchScreen.storyboard */; };
		ECEC76BE21E22ABC00B9CBD1 /* SwiftORMUITests.swift in Sources */ = {isa = PBXBuildFile; fileRef = ECEC76BD21E22ABC00B9CBD1 /* SwiftORMUITests.swift */; };
		ECEC771321E22BA000B9CBD1 /* Describable.swift in Sources */ = {isa = PBXBuildFile; fileRef = ECEC76E621E22BA000B9CBD1 /* Describable.swift */; };
		ECEC772921E22BA000B9CBD1 /* Column.swift in Sources */ = {isa = PBXBuildFile; fileRef = ECEC76FC21E22BA000B9CBD1 /* Column.swift */; };
		ECEC772C21E22BA000B9CBD1 /* LiteralValue.swift in Sources */ = {isa = PBXBuildFile; fileRef = ECEC76FF21E22BA000B9CBD1 /* LiteralValue.swift */; };
		ECEC772D21E22BA000B9CBD1 /* FundamentalValue.swift in Sources */ = {isa = PBXBuildFile; fileRef = ECEC770021E22BA000B9CBD1 /* FundamentalValue.swift */; };
		ECEC773721E22BA000B9CBD1 /* ColumnDef.swift in Sources */ = {isa = PBXBuildFile; fileRef = ECEC770A21E22BA000B9CBD1 /* ColumnDef.swift */; };
		ECEC773B21E22BA000B9CBD1 /* ColumnType.swift in Sources */ = {isa = PBXBuildFile; fileRef = ECEC770E21E22BA000B9CBD1 /* ColumnType.swift */; };
		ECEC774121E22C0200B9CBD1 /* Convenience.swift in Sources */ = {isa = PBXBuildFile; fileRef = ECEC774021E22C0200B9CBD1 /* Convenience.swift */; };
		ECEC774E21E2438000B9CBD1 /* CodableType.swift in Sources */ = {isa = PBXBuildFile; fileRef = ECEC774321E2438000B9CBD1 /* CodableType.swift */; };
		ECEC774F21E2438000B9CBD1 /* ColumnCodable.swift in Sources */ = {isa = PBXBuildFile; fileRef = ECEC774621E2438000B9CBD1 /* ColumnCodable.swift */; };
		ECEC775021E2438000B9CBD1 /* ColumnTypeDecoder.swift in Sources */ = {isa = PBXBuildFile; fileRef = ECEC774721E2438000B9CBD1 /* ColumnTypeDecoder.swift */; };
		ECEC775121E2438000B9CBD1 /* TableCodable.swift in Sources */ = {isa = PBXBuildFile; fileRef = ECEC774821E2438000B9CBD1 /* TableCodable.swift */; };
		ECEC775221E2438000B9CBD1 /* CodingTableKey.swift in Sources */ = {isa = PBXBuildFile; fileRef = ECEC774921E2438000B9CBD1 /* CodingTableKey.swift */; };
		ECEC775321E2438000B9CBD1 /* Property.swift in Sources */ = {isa = PBXBuildFile; fileRef = ECEC774B21E2438000B9CBD1 /* Property.swift */; };
		ECEC775421E2438000B9CBD1 /* ColumnConstraintBinding.swift in Sources */ = {isa = PBXBuildFile; fileRef = ECEC774C21E2438000B9CBD1 /* ColumnConstraintBinding.swift */; };
		ECEC775521E2438000B9CBD1 /* TableBinding.swift in Sources */ = {isa = PBXBuildFile; fileRef = ECEC774D21E2438000B9CBD1 /* TableBinding.swift */; };
/* End PBXBuildFile section */

/* Begin PBXContainerItemProxy section */
		ECEC76BA21E22ABC00B9CBD1 /* PBXContainerItemProxy */ = {
			isa = PBXContainerItemProxy;
			containerPortal = ECEC769D21E22ABA00B9CBD1 /* Project object */;
			proxyType = 1;
			remoteGlobalIDString = ECEC76A421E22ABA00B9CBD1;
			remoteInfo = SwiftORM;
		};
/* End PBXContainerItemProxy section */

/* Begin PBXFileReference section */
		ECEC76A521E22ABA00B9CBD1 /* SwiftORM.app */ = {isa = PBXFileReference; explicitFileType = wrapper.application; includeInIndex = 0; path = SwiftORM.app; sourceTree = BUILT_PRODUCTS_DIR; };
		ECEC76A821E22ABA00B9CBD1 /* AppDelegate.swift */ = {isa = PBXFileReference; lastKnownFileType = sourcecode.swift; path = AppDelegate.swift; sourceTree = "<group>"; };
		ECEC76AA21E22ABA00B9CBD1 /* ViewController.swift */ = {isa = PBXFileReference; lastKnownFileType = sourcecode.swift; path = ViewController.swift; sourceTree = "<group>"; };
		ECEC76AD21E22ABA00B9CBD1 /* Base */ = {isa = PBXFileReference; lastKnownFileType = file.storyboard; name = Base; path = Base.lproj/Main.storyboard; sourceTree = "<group>"; };
		ECEC76AF21E22ABC00B9CBD1 /* Assets.xcassets */ = {isa = PBXFileReference; lastKnownFileType = folder.assetcatalog; path = Assets.xcassets; sourceTree = "<group>"; };
		ECEC76B221E22ABC00B9CBD1 /* Base */ = {isa = PBXFileReference; lastKnownFileType = file.storyboard; name = Base; path = Base.lproj/LaunchScreen.storyboard; sourceTree = "<group>"; };
		ECEC76B421E22ABC00B9CBD1 /* Info.plist */ = {isa = PBXFileReference; lastKnownFileType = text.plist.xml; path = Info.plist; sourceTree = "<group>"; };
		ECEC76B921E22ABC00B9CBD1 /* SwiftORMUITests.xctest */ = {isa = PBXFileReference; explicitFileType = wrapper.cfbundle; includeInIndex = 0; path = SwiftORMUITests.xctest; sourceTree = BUILT_PRODUCTS_DIR; };
		ECEC76BD21E22ABC00B9CBD1 /* SwiftORMUITests.swift */ = {isa = PBXFileReference; lastKnownFileType = sourcecode.swift; path = SwiftORMUITests.swift; sourceTree = "<group>"; };
		ECEC76BF21E22ABC00B9CBD1 /* Info.plist */ = {isa = PBXFileReference; lastKnownFileType = text.plist.xml; path = Info.plist; sourceTree = "<group>"; };
		ECEC76E621E22BA000B9CBD1 /* Describable.swift */ = {isa = PBXFileReference; fileEncoding = 4; lastKnownFileType = sourcecode.swift; path = Describable.swift; sourceTree = "<group>"; };
		ECEC76FC21E22BA000B9CBD1 /* Column.swift */ = {isa = PBXFileReference; fileEncoding = 4; lastKnownFileType = sourcecode.swift; path = Column.swift; sourceTree = "<group>"; };
		ECEC76FF21E22BA000B9CBD1 /* LiteralValue.swift */ = {isa = PBXFileReference; fileEncoding = 4; lastKnownFileType = sourcecode.swift; path = LiteralValue.swift; sourceTree = "<group>"; };
		ECEC770021E22BA000B9CBD1 /* FundamentalValue.swift */ = {isa = PBXFileReference; fileEncoding = 4; lastKnownFileType = sourcecode.swift; path = FundamentalValue.swift; sourceTree = "<group>"; };
		ECEC770A21E22BA000B9CBD1 /* ColumnDef.swift */ = {isa = PBXFileReference; fileEncoding = 4; lastKnownFileType = sourcecode.swift; path = ColumnDef.swift; sourceTree = "<group>"; };
		ECEC770E21E22BA000B9CBD1 /* ColumnType.swift */ = {isa = PBXFileReference; fileEncoding = 4; lastKnownFileType = sourcecode.swift; path = ColumnType.swift; sourceTree = "<group>"; };
		ECEC774021E22C0200B9CBD1 /* Convenience.swift */ = {isa = PBXFileReference; fileEncoding = 4; lastKnownFileType = sourcecode.swift; path = Convenience.swift; sourceTree = "<group>"; };
		ECEC774321E2438000B9CBD1 /* CodableType.swift */ = {isa = PBXFileReference; fileEncoding = 4; lastKnownFileType = sourcecode.swift; path = CodableType.swift; sourceTree = "<group>"; };
		ECEC774621E2438000B9CBD1 /* ColumnCodable.swift */ = {isa = PBXFileReference; fileEncoding = 4; lastKnownFileType = sourcecode.swift; path = ColumnCodable.swift; sourceTree = "<group>"; };
		ECEC774721E2438000B9CBD1 /* ColumnTypeDecoder.swift */ = {isa = PBXFileReference; fileEncoding = 4; lastKnownFileType = sourcecode.swift; path = ColumnTypeDecoder.swift; sourceTree = "<group>"; };
		ECEC774821E2438000B9CBD1 /* TableCodable.swift */ = {isa = PBXFileReference; fileEncoding = 4; lastKnownFileType = sourcecode.swift; path = TableCodable.swift; sourceTree = "<group>"; };
		ECEC774921E2438000B9CBD1 /* CodingTableKey.swift */ = {isa = PBXFileReference; fileEncoding = 4; lastKnownFileType = sourcecode.swift; path = CodingTableKey.swift; sourceTree = "<group>"; };
		ECEC774B21E2438000B9CBD1 /* Property.swift */ = {isa = PBXFileReference; fileEncoding = 4; lastKnownFileType = sourcecode.swift; path = Property.swift; sourceTree = "<group>"; };
		ECEC774C21E2438000B9CBD1 /* ColumnConstraintBinding.swift */ = {isa = PBXFileReference; fileEncoding = 4; lastKnownFileType = sourcecode.swift; path = ColumnConstraintBinding.swift; sourceTree = "<group>"; };
		ECEC774D21E2438000B9CBD1 /* TableBinding.swift */ = {isa = PBXFileReference; fileEncoding = 4; lastKnownFileType = sourcecode.swift; path = TableBinding.swift; sourceTree = "<group>"; };
/* End PBXFileReference section */

/* Begin PBXFrameworksBuildPhase section */
		ECEC76A221E22ABA00B9CBD1 /* Frameworks */ = {
			isa = PBXFrameworksBuildPhase;
			buildActionMask = 2147483647;
			files = (
			);
			runOnlyForDeploymentPostprocessing = 0;
		};
		ECEC76B621E22ABC00B9CBD1 /* Frameworks */ = {
			isa = PBXFrameworksBuildPhase;
			buildActionMask = 2147483647;
			files = (
			);
			runOnlyForDeploymentPostprocessing = 0;
		};
/* End PBXFrameworksBuildPhase section */

/* Begin PBXGroup section */
		ECEC769C21E22ABA00B9CBD1 = {
			isa = PBXGroup;
			children = (
				ECEC76A721E22ABA00B9CBD1 /* SwiftORM */,
				ECEC76BC21E22ABC00B9CBD1 /* SwiftORMUITests */,
				ECEC76A621E22ABA00B9CBD1 /* Products */,
			);
			sourceTree = "<group>";
		};
		ECEC76A621E22ABA00B9CBD1 /* Products */ = {
			isa = PBXGroup;
			children = (
				ECEC76A521E22ABA00B9CBD1 /* SwiftORM.app */,
				ECEC76B921E22ABC00B9CBD1 /* SwiftORMUITests.xctest */,
			);
			name = Products;
			sourceTree = "<group>";
		};
		ECEC76A721E22ABA00B9CBD1 /* SwiftORM */ = {
			isa = PBXGroup;
			children = (
				ECEC774221E2438000B9CBD1 /* builtin */,
				ECEC774421E2438000B9CBD1 /* core */,
				ECEC773F21E22C0200B9CBD1 /* util */,
				ECEC76E421E22BA000B9CBD1 /* abstract */,
				ECEC76A821E22ABA00B9CBD1 /* AppDelegate.swift */,
				ECEC76AA21E22ABA00B9CBD1 /* ViewController.swift */,
				ECEC76AC21E22ABA00B9CBD1 /* Main.storyboard */,
				ECEC76AF21E22ABC00B9CBD1 /* Assets.xcassets */,
				ECEC76B121E22ABC00B9CBD1 /* LaunchScreen.storyboard */,
				ECEC76B421E22ABC00B9CBD1 /* Info.plist */,
			);
			path = SwiftORM;
			sourceTree = "<group>";
		};
		ECEC76BC21E22ABC00B9CBD1 /* SwiftORMUITests */ = {
			isa = PBXGroup;
			children = (
				ECEC76BD21E22ABC00B9CBD1 /* SwiftORMUITests.swift */,
				ECEC76BF21E22ABC00B9CBD1 /* Info.plist */,
			);
			path = SwiftORMUITests;
			sourceTree = "<group>";
		};
		ECEC76E421E22BA000B9CBD1 /* abstract */ = {
			isa = PBXGroup;
			children = (
				ECEC76E621E22BA000B9CBD1 /* Describable.swift */,
				ECEC76FC21E22BA000B9CBD1 /* Column.swift */,
				ECEC76FF21E22BA000B9CBD1 /* LiteralValue.swift */,
				ECEC770021E22BA000B9CBD1 /* FundamentalValue.swift */,
				ECEC770A21E22BA000B9CBD1 /* ColumnDef.swift */,
				ECEC770E21E22BA000B9CBD1 /* ColumnType.swift */,
			);
			name = abstract;
			path = Source/abstract;
			sourceTree = "<group>";
		};
		ECEC773F21E22C0200B9CBD1 /* util */ = {
			isa = PBXGroup;
			children = (
				ECEC774021E22C0200B9CBD1 /* Convenience.swift */,
			);
			name = util;
			path = Source/util;
			sourceTree = "<group>";
		};
		ECEC774221E2438000B9CBD1 /* builtin */ = {
			isa = PBXGroup;
			children = (
				ECEC774321E2438000B9CBD1 /* CodableType.swift */,
			);
			name = builtin;
			path = Source/builtin;
			sourceTree = "<group>";
		};
		ECEC774421E2438000B9CBD1 /* core */ = {
			isa = PBXGroup;
			children = (
				ECEC774521E2438000B9CBD1 /* codable */,
				ECEC774A21E2438000B9CBD1 /* binding */,
			);
			name = core;
			path = Source/core;
			sourceTree = "<group>";
		};
		ECEC774521E2438000B9CBD1 /* codable */ = {
			isa = PBXGroup;
			children = (
				ECEC774621E2438000B9CBD1 /* ColumnCodable.swift */,
				ECEC774721E2438000B9CBD1 /* ColumnTypeDecoder.swift */,
				ECEC774821E2438000B9CBD1 /* TableCodable.swift */,
				ECEC774921E2438000B9CBD1 /* CodingTableKey.swift */,
			);
			path = codable;
			sourceTree = "<group>";
		};
		ECEC774A21E2438000B9CBD1 /* binding */ = {
			isa = PBXGroup;
			children = (
				ECEC774B21E2438000B9CBD1 /* Property.swift */,
				ECEC774C21E2438000B9CBD1 /* ColumnConstraintBinding.swift */,
				ECEC774D21E2438000B9CBD1 /* TableBinding.swift */,
			);
			path = binding;
			sourceTree = "<group>";
		};
/* End PBXGroup section */

/* Begin PBXNativeTarget section */
		ECEC76A421E22ABA00B9CBD1 /* SwiftORM */ = {
			isa = PBXNativeTarget;
			buildConfigurationList = ECEC76C221E22ABC00B9CBD1 /* Build configuration list for PBXNativeTarget "SwiftORM" */;
			buildPhases = (
				ECEC76A121E22ABA00B9CBD1 /* Sources */,
				ECEC76A221E22ABA00B9CBD1 /* Frameworks */,
				ECEC76A321E22ABA00B9CBD1 /* Resources */,
			);
			buildRules = (
			);
			dependencies = (
			);
			name = SwiftORM;
			productName = SwiftORM;
			productReference = ECEC76A521E22ABA00B9CBD1 /* SwiftORM.app */;
			productType = "com.apple.product-type.application";
		};
		ECEC76B821E22ABC00B9CBD1 /* SwiftORMUITests */ = {
			isa = PBXNativeTarget;
			buildConfigurationList = ECEC76C521E22ABC00B9CBD1 /* Build configuration list for PBXNativeTarget "SwiftORMUITests" */;
			buildPhases = (
				ECEC76B521E22ABC00B9CBD1 /* Sources */,
				ECEC76B621E22ABC00B9CBD1 /* Frameworks */,
				ECEC76B721E22ABC00B9CBD1 /* Resources */,
			);
			buildRules = (
			);
			dependencies = (
				ECEC76BB21E22ABC00B9CBD1 /* PBXTargetDependency */,
			);
			name = SwiftORMUITests;
			productName = SwiftORMUITests;
			productReference = ECEC76B921E22ABC00B9CBD1 /* SwiftORMUITests.xctest */;
			productType = "com.apple.product-type.bundle.ui-testing";
		};
/* End PBXNativeTarget section */

/* Begin PBXProject section */
		ECEC769D21E22ABA00B9CBD1 /* Project object */ = {
			isa = PBXProject;
			attributes = {
				LastSwiftUpdateCheck = 1010;
				LastUpgradeCheck = 1010;
				ORGANIZATIONNAME = iCrany;
				TargetAttributes = {
					ECEC76A421E22ABA00B9CBD1 = {
						CreatedOnToolsVersion = 10.1;
					};
					ECEC76B821E22ABC00B9CBD1 = {
						CreatedOnToolsVersion = 10.1;
						TestTargetID = ECEC76A421E22ABA00B9CBD1;
					};
				};
			};
			buildConfigurationList = ECEC76A021E22ABA00B9CBD1 /* Build configuration list for PBXProject "SwiftORM" */;
			compatibilityVersion = "Xcode 9.3";
			developmentRegion = en;
			hasScannedForEncodings = 0;
			knownRegions = (
				en,
				Base,
			);
			mainGroup = ECEC769C21E22ABA00B9CBD1;
			productRefGroup = ECEC76A621E22ABA00B9CBD1 /* Products */;
			projectDirPath = "";
			projectRoot = "";
			targets = (
				ECEC76A421E22ABA00B9CBD1 /* SwiftORM */,
				ECEC76B821E22ABC00B9CBD1 /* SwiftORMUITests */,
			);
		};
/* End PBXProject section */

/* Begin PBXResourcesBuildPhase section */
		ECEC76A321E22ABA00B9CBD1 /* Resources */ = {
			isa = PBXResourcesBuildPhase;
			buildActionMask = 2147483647;
			files = (
				ECEC76B321E22ABC00B9CBD1 /* LaunchScreen.storyboard in Resources */,
				ECEC76B021E22ABC00B9CBD1 /* Assets.xcassets in Resources */,
				ECEC76AE21E22ABA00B9CBD1 /* Main.storyboard in Resources */,
			);
			runOnlyForDeploymentPostprocessing = 0;
		};
		ECEC76B721E22ABC00B9CBD1 /* Resources */ = {
			isa = PBXResourcesBuildPhase;
			buildActionMask = 2147483647;
			files = (
			);
			runOnlyForDeploymentPostprocessing = 0;
		};
/* End PBXResourcesBuildPhase section */

/* Begin PBXSourcesBuildPhase section */
		ECEC76A121E22ABA00B9CBD1 /* Sources */ = {
			isa = PBXSourcesBuildPhase;
			buildActionMask = 2147483647;
			files = (
				ECEC775321E2438000B9CBD1 /* Property.swift in Sources */,
				ECEC775521E2438000B9CBD1 /* TableBinding.swift in Sources */,
				ECEC772C21E22BA000B9CBD1 /* LiteralValue.swift in Sources */,
				ECEC775121E2438000B9CBD1 /* TableCodable.swift in Sources */,
				ECEC774121E22C0200B9CBD1 /* Convenience.swift in Sources */,
				ECEC774E21E2438000B9CBD1 /* CodableType.swift in Sources */,
				ECEC76AB21E22ABA00B9CBD1 /* ViewController.swift in Sources */,
				ECEC775421E2438000B9CBD1 /* ColumnConstraintBinding.swift in Sources */,
				ECEC772921E22BA000B9CBD1 /* Column.swift in Sources */,
				ECEC773B21E22BA000B9CBD1 /* ColumnType.swift in Sources */,
				ECEC771321E22BA000B9CBD1 /* Describable.swift in Sources */,
				ECEC773721E22BA000B9CBD1 /* ColumnDef.swift in Sources */,
				ECEC775021E2438000B9CBD1 /* ColumnTypeDecoder.swift in Sources */,
				ECEC772D21E22BA000B9CBD1 /* FundamentalValue.swift in Sources */,
				ECEC774F21E2438000B9CBD1 /* ColumnCodable.swift in Sources */,
				ECEC775221E2438000B9CBD1 /* CodingTableKey.swift in Sources */,
				ECEC76A921E22ABA00B9CBD1 /* AppDelegate.swift in Sources */,
			);
			runOnlyForDeploymentPostprocessing = 0;
		};
		ECEC76B521E22ABC00B9CBD1 /* Sources */ = {
			isa = PBXSourcesBuildPhase;
			buildActionMask = 2147483647;
			files = (
				ECEC76BE21E22ABC00B9CBD1 /* SwiftORMUITests.swift in Sources */,
			);
			runOnlyForDeploymentPostprocessing = 0;
		};
/* End PBXSourcesBuildPhase section */

/* Begin PBXTargetDependency section */
		ECEC76BB21E22ABC00B9CBD1 /* PBXTargetDependency */ = {
			isa = PBXTargetDependency;
			target = ECEC76A421E22ABA00B9CBD1 /* SwiftORM */;
			targetProxy = ECEC76BA21E22ABC00B9CBD1 /* PBXContainerItemProxy */;
		};
/* End PBXTargetDependency section */

/* Begin PBXVariantGroup section */
		ECEC76AC21E22ABA00B9CBD1 /* Main.storyboard */ = {
			isa = PBXVariantGroup;
			children = (
				ECEC76AD21E22ABA00B9CBD1 /* Base */,
			);
			name = Main.storyboard;
			sourceTree = "<group>";
		};
		ECEC76B121E22ABC00B9CBD1 /* LaunchScreen.storyboard */ = {
			isa = PBXVariantGroup;
			children = (
				ECEC76B221E22ABC00B9CBD1 /* Base */,
			);
			name = LaunchScreen.storyboard;
			sourceTree = "<group>";
		};
/* End PBXVariantGroup section */

/* Begin XCBuildConfiguration section */
		ECEC76C021E22ABC00B9CBD1 /* Debug */ = {
			isa = XCBuildConfiguration;
			buildSettings = {
				ALWAYS_SEARCH_USER_PATHS = NO;
				CLANG_ANALYZER_NONNULL = YES;
				CLANG_ANALYZER_NUMBER_OBJECT_CONVERSION = YES_AGGRESSIVE;
				CLANG_CXX_LANGUAGE_STANDARD = "gnu++14";
				CLANG_CXX_LIBRARY = "libc++";
				CLANG_ENABLE_MODULES = YES;
				CLANG_ENABLE_OBJC_ARC = YES;
				CLANG_ENABLE_OBJC_WEAK = YES;
				CLANG_WARN_BLOCK_CAPTURE_AUTORELEASING = YES;
				CLANG_WARN_BOOL_CONVERSION = YES;
				CLANG_WARN_COMMA = YES;
				CLANG_WARN_CONSTANT_CONVERSION = YES;
				CLANG_WARN_DEPRECATED_OBJC_IMPLEMENTATIONS = YES;
				CLANG_WARN_DIRECT_OBJC_ISA_USAGE = YES_ERROR;
				CLANG_WARN_DOCUMENTATION_COMMENTS = YES;
				CLANG_WARN_EMPTY_BODY = YES;
				CLANG_WARN_ENUM_CONVERSION = YES;
				CLANG_WARN_INFINITE_RECURSION = YES;
				CLANG_WARN_INT_CONVERSION = YES;
				CLANG_WARN_NON_LITERAL_NULL_CONVERSION = YES;
				CLANG_WARN_OBJC_IMPLICIT_RETAIN_SELF = YES;
				CLANG_WARN_OBJC_LITERAL_CONVERSION = YES;
				CLANG_WARN_OBJC_ROOT_CLASS = YES_ERROR;
				CLANG_WARN_RANGE_LOOP_ANALYSIS = YES;
				CLANG_WARN_STRICT_PROTOTYPES = YES;
				CLANG_WARN_SUSPICIOUS_MOVE = YES;
				CLANG_WARN_UNGUARDED_AVAILABILITY = YES_AGGRESSIVE;
				CLANG_WARN_UNREACHABLE_CODE = YES;
				CLANG_WARN__DUPLICATE_METHOD_MATCH = YES;
				CODE_SIGN_IDENTITY = "iPhone Developer";
				COPY_PHASE_STRIP = NO;
				DEBUG_INFORMATION_FORMAT = dwarf;
				ENABLE_STRICT_OBJC_MSGSEND = YES;
				ENABLE_TESTABILITY = YES;
				GCC_C_LANGUAGE_STANDARD = gnu11;
				GCC_DYNAMIC_NO_PIC = NO;
				GCC_NO_COMMON_BLOCKS = YES;
				GCC_OPTIMIZATION_LEVEL = 0;
				GCC_PREPROCESSOR_DEFINITIONS = (
					"DEBUG=1",
					"$(inherited)",
				);
				GCC_WARN_64_TO_32_BIT_CONVERSION = YES;
				GCC_WARN_ABOUT_RETURN_TYPE = YES_ERROR;
				GCC_WARN_UNDECLARED_SELECTOR = YES;
				GCC_WARN_UNINITIALIZED_AUTOS = YES_AGGRESSIVE;
				GCC_WARN_UNUSED_FUNCTION = YES;
				GCC_WARN_UNUSED_VARIABLE = YES;
				IPHONEOS_DEPLOYMENT_TARGET = 12.1;
				MTL_ENABLE_DEBUG_INFO = INCLUDE_SOURCE;
				MTL_FAST_MATH = YES;
				ONLY_ACTIVE_ARCH = YES;
				SDKROOT = iphoneos;
				SWIFT_ACTIVE_COMPILATION_CONDITIONS = DEBUG;
				SWIFT_OPTIMIZATION_LEVEL = "-Onone";
			};
			name = Debug;
		};
		ECEC76C121E22ABC00B9CBD1 /* Release */ = {
			isa = XCBuildConfiguration;
			buildSettings = {
				ALWAYS_SEARCH_USER_PATHS = NO;
				CLANG_ANALYZER_NONNULL = YES;
				CLANG_ANALYZER_NUMBER_OBJECT_CONVERSION = YES_AGGRESSIVE;
				CLANG_CXX_LANGUAGE_STANDARD = "gnu++14";
				CLANG_CXX_LIBRARY = "libc++";
				CLANG_ENABLE_MODULES = YES;
				CLANG_ENABLE_OBJC_ARC = YES;
				CLANG_ENABLE_OBJC_WEAK = YES;
				CLANG_WARN_BLOCK_CAPTURE_AUTORELEASING = YES;
				CLANG_WARN_BOOL_CONVERSION = YES;
				CLANG_WARN_COMMA = YES;
				CLANG_WARN_CONSTANT_CONVERSION = YES;
				CLANG_WARN_DEPRECATED_OBJC_IMPLEMENTATIONS = YES;
				CLANG_WARN_DIRECT_OBJC_ISA_USAGE = YES_ERROR;
				CLANG_WARN_DOCUMENTATION_COMMENTS = YES;
				CLANG_WARN_EMPTY_BODY = YES;
				CLANG_WARN_ENUM_CONVERSION = YES;
				CLANG_WARN_INFINITE_RECURSION = YES;
				CLANG_WARN_INT_CONVERSION = YES;
				CLANG_WARN_NON_LITERAL_NULL_CONVERSION = YES;
				CLANG_WARN_OBJC_IMPLICIT_RETAIN_SELF = YES;
				CLANG_WARN_OBJC_LITERAL_CONVERSION = YES;
				CLANG_WARN_OBJC_ROOT_CLASS = YES_ERROR;
				CLANG_WARN_RANGE_LOOP_ANALYSIS = YES;
				CLANG_WARN_STRICT_PROTOTYPES = YES;
				CLANG_WARN_SUSPICIOUS_MOVE = YES;
				CLANG_WARN_UNGUARDED_AVAILABILITY = YES_AGGRESSIVE;
				CLANG_WARN_UNREACHABLE_CODE = YES;
				CLANG_WARN__DUPLICATE_METHOD_MATCH = YES;
				CODE_SIGN_IDENTITY = "iPhone Developer";
				COPY_PHASE_STRIP = NO;
				DEBUG_INFORMATION_FORMAT = "dwarf-with-dsym";
				ENABLE_NS_ASSERTIONS = NO;
				ENABLE_STRICT_OBJC_MSGSEND = YES;
				GCC_C_LANGUAGE_STANDARD = gnu11;
				GCC_NO_COMMON_BLOCKS = YES;
				GCC_WARN_64_TO_32_BIT_CONVERSION = YES;
				GCC_WARN_ABOUT_RETURN_TYPE = YES_ERROR;
				GCC_WARN_UNDECLARED_SELECTOR = YES;
				GCC_WARN_UNINITIALIZED_AUTOS = YES_AGGRESSIVE;
				GCC_WARN_UNUSED_FUNCTION = YES;
				GCC_WARN_UNUSED_VARIABLE = YES;
				IPHONEOS_DEPLOYMENT_TARGET = 12.1;
				MTL_ENABLE_DEBUG_INFO = NO;
				MTL_FAST_MATH = YES;
				SDKROOT = iphoneos;
				SWIFT_COMPILATION_MODE = wholemodule;
				SWIFT_OPTIMIZATION_LEVEL = "-O";
				VALIDATE_PRODUCT = YES;
			};
			name = Release;
		};
		ECEC76C321E22ABC00B9CBD1 /* Debug */ = {
			isa = XCBuildConfiguration;
			buildSettings = {
				ASSETCATALOG_COMPILER_APPICON_NAME = AppIcon;
				CODE_SIGN_STYLE = Automatic;
				INFOPLIST_FILE = SwiftORM/Info.plist;
				LD_RUNPATH_SEARCH_PATHS = (
					"$(inherited)",
					"@executable_path/Frameworks",
				);
				PRODUCT_BUNDLE_IDENTIFIER = iCrany.SwiftORM;
				PRODUCT_NAME = "$(TARGET_NAME)";
				SWIFT_VERSION = 4.2;
				TARGETED_DEVICE_FAMILY = "1,2";
			};
			name = Debug;
		};
		ECEC76C421E22ABC00B9CBD1 /* Release */ = {
			isa = XCBuildConfiguration;
			buildSettings = {
				ASSETCATALOG_COMPILER_APPICON_NAME = AppIcon;
				CODE_SIGN_STYLE = Automatic;
				INFOPLIST_FILE = SwiftORM/Info.plist;
				LD_RUNPATH_SEARCH_PATHS = (
					"$(inherited)",
					"@executable_path/Frameworks",
				);
				PRODUCT_BUNDLE_IDENTIFIER = iCrany.SwiftORM;
				PRODUCT_NAME = "$(TARGET_NAME)";
				SWIFT_VERSION = 4.2;
				TARGETED_DEVICE_FAMILY = "1,2";
			};
			name = Release;
		};
		ECEC76C621E22ABC00B9CBD1 /* Debug */ = {
			isa = XCBuildConfiguration;
			buildSettings = {
				ALWAYS_EMBED_SWIFT_STANDARD_LIBRARIES = YES;
				CODE_SIGN_STYLE = Automatic;
				INFOPLIST_FILE = SwiftORMUITests/Info.plist;
				LD_RUNPATH_SEARCH_PATHS = (
					"$(inherited)",
					"@executable_path/Frameworks",
					"@loader_path/Frameworks",
				);
				PRODUCT_BUNDLE_IDENTIFIER = iCrany.SwiftORMUITests;
				PRODUCT_NAME = "$(TARGET_NAME)";
				SWIFT_VERSION = 4.2;
				TARGETED_DEVICE_FAMILY = "1,2";
				TEST_TARGET_NAME = SwiftORM;
			};
			name = Debug;
		};
		ECEC76C721E22ABC00B9CBD1 /* Release */ = {
			isa = XCBuildConfiguration;
			buildSettings = {
				ALWAYS_EMBED_SWIFT_STANDARD_LIBRARIES = YES;
				CODE_SIGN_STYLE = Automatic;
				INFOPLIST_FILE = SwiftORMUITests/Info.plist;
				LD_RUNPATH_SEARCH_PATHS = (
					"$(inherited)",
					"@executable_path/Frameworks",
					"@loader_path/Frameworks",
				);
				PRODUCT_BUNDLE_IDENTIFIER = iCrany.SwiftORMUITests;
				PRODUCT_NAME = "$(TARGET_NAME)";
				SWIFT_VERSION = 4.2;
				TARGETED_DEVICE_FAMILY = "1,2";
				TEST_TARGET_NAME = SwiftORM;
			};
			name = Release;
		};
/* End XCBuildConfiguration section */

/* Begin XCConfigurationList section */
		ECEC76A021E22ABA00B9CBD1 /* Build configuration list for PBXProject "SwiftORM" */ = {
			isa = XCConfigurationList;
			buildConfigurations = (
				ECEC76C021E22ABC00B9CBD1 /* Debug */,
				ECEC76C121E22ABC00B9CBD1 /* Release */,
			);
			defaultConfigurationIsVisible = 0;
			defaultConfigurationName = Release;
		};
		ECEC76C221E22ABC00B9CBD1 /* Build configuration list for PBXNativeTarget "SwiftORM" */ = {
			isa = XCConfigurationList;
			buildConfigurations = (
				ECEC76C321E22ABC00B9CBD1 /* Debug */,
				ECEC76C421E22ABC00B9CBD1 /* Release */,
			);
			defaultConfigurationIsVisible = 0;
			defaultConfigurationName = Release;
		};
		ECEC76C521E22ABC00B9CBD1 /* Build configuration list for PBXNativeTarget "SwiftORMUITests" */ = {
			isa = XCConfigurationList;
			buildConfigurations = (
				ECEC76C621E22ABC00B9CBD1 /* Debug */,
				ECEC76C721E22ABC00B9CBD1 /* Release */,
			);
			defaultConfigurationIsVisible = 0;
			defaultConfigurationName = Release;
		};
/* End XCConfigurationList section */
	};
	rootObject = ECEC769D21E22ABA00B9CBD1 /* Project object */;
}
